
Microsoft Visual Studio Solution File, Format Version 12.00
# Visual Studio Version 17
VisualStudioVersion = 17.14.36518.9
MinimumVisualStudioVersion = 10.0.40219.1
Project("{FAE04EC0-301F-11D3-BF4B-00C04F79EFBC}") = "PasswordManagerLocalTest", "PasswordManagerLocalTest\PasswordManagerLocalTest.csproj", "{06B8E0C8-46FD-4E04-931E-282F7BF46D24}"
EndProject
Project("{FAE04EC0-301F-11D3-BF4B-00C04F79EFBC}") = "PasswordManagerLocalBackend", "PasswordManagerLocalBackend\PasswordManagerLocalBackend.csproj", "{8BE8DAE7-489A-4FE0-848A-2F4A02ED3FBA}"
EndProject
Global
	GlobalSection(SolutionConfigurationPlatforms) = preSolution
		Debug|Any CPU = Debug|Any CPU
		Release|Any CPU = Release|Any CPU
	EndGlobalSection
	GlobalSection(ProjectConfigurationPlatforms) = postSolution
		{06B8E0C8-46FD-4E04-931E-282F7BF46D24}.Debug|Any CPU.ActiveCfg = Debug|Any CPU
		{06B8E0C8-46FD-4E04-931E-282F7BF46D24}.Debug|Any CPU.Build.0 = Debug|Any CPU
		{06B8E0C8-46FD-4E04-931E-282F7BF46D24}.Release|Any CPU.ActiveCfg = Release|Any CPU
		{06B8E0C8-46FD-4E04-931E-282F7BF46D24}.Release|Any CPU.Build.0 = Release|Any CPU
		{8BE8DAE7-489A-4FE0-848A-2F4A02ED3FBA}.Debug|Any CPU.ActiveCfg = Debug|Any CPU
		{8BE8DAE7-489A-4FE0-848A-2F4A02ED3FBA}.Debug|Any CPU.Build.0 = Debug|Any CPU
		{8BE8DAE7-489A-4FE0-848A-2F4A02ED3FBA}.Release|Any CPU.ActiveCfg = Release|Any CPU
		{8BE8DAE7-489A-4FE0-848A-2F4A02ED3FBA}.Release|Any CPU.Build.0 = Release|Any CPU
	EndGlobalSection
	GlobalSection(SolutionProperties) = preSolution
		HideSolutionNode = FALSE
	EndGlobalSection
	GlobalSection(ExtensibilityGlobals) = postSolution
		SolutionGuid = {F6B0CF19-9329-4CE8-8F56-4F663642BC38}
	EndGlobalSection
EndGlobal
