{
  "version": 2,
  "dependencies": {
    "net10.0-android36.0": {
      "Avalonia.Android": {
        "type": "Direct",
        "requested": "[11.3.11, )",
        "resolved": "11.3.11",
        "contentHash": "AF2EsybVVtuT82hZ7XY/8wq8STUzX7Hu1R6Y9+698gUWvU6PT4685JEGLaNGxJFPV28E3MSFkypF4IGZeqElww==",
        "dependencies": {
          "Avalonia": "11.3.11",
          "Avalonia.Skia": "11.3.11",
          "Xamarin.AndroidX.AppCompat": "1.6.1.5"
        }
      },
      "Microsoft.NET.ILLink.Tasks": {
        "type": "Direct",
        "requested": "[10.0.9, )",
        "resolved": "10.0.9",
        "contentHash": "4Iw41e2h7I4t70SJcX2GCmbyKJIlA273Cfm9RJMM050/3VBejGAG1KcthP5Z2L6SQcbfbf6BhNWO26+ZG+GzMg=="
      },
      "Xamarin.AndroidX.Core.SplashScreen": {
        "type": "Direct",
        "requested": "[1.0.1.15, )",
        "resolved": "1.0.1.15",
        "contentHash": "lIrwgrscmgm3lAa6orpTPb27MoUeg5RdgUSshSga3wdAS503pK8OWQ8l+7QzTM4/mypop8RpHg0LHNv9y0WX4Q==",
        "dependencies": {
          "Xamarin.AndroidX.Annotation": "1.9.1.3",
          "Xamarin.Kotlin.StdLib": "2.0.21.3"
        }
      },
      "Avalonia.BuildServices": {
        "type": "Transitive",
        "resolved": "11.3.2",
        "contentHash": "qHDToxto1e3hci5YqbG9n0Ty8mlp3zBUN5wT66wKqaDVzXyQ0do3EnRILd4Ke9jpvsktaPpgE0YjEk7hornryQ=="
      },
      "Avalonia.Controls.ColorPicker": {
        "type": "Transitive",
        "resolved": "11.3.11",
        "contentHash": "2i5dvZcizAtumywPRravU0/0lLsa8F+n3cTyt2ZpXAwnqnE+eeuozl9Q23YnE69BpROC5wXYrjogXhWcUPks4g==",
        "dependencies": {
          "Avalonia": "11.3.11",
          "Avalonia.Remote.Protocol": "11.3.11"
        }
      },
      "Avalonia.Remote.Protocol": {
        "type": "Transitive",
        "resolved": "11.3.11",
        "contentHash": "kooZKlJb0DkzJYFzYTgChqAr+pOBq64FyNuvjpBLBmqTTTj/f+d7XyPvdNFgPsvyY3sa4X/W79t6hQnyWmM4zw=="
      },
      "Avalonia.Skia": {
        "type": "Transitive",
        "resolved": "11.3.11",
        "contentHash": "7XynAFWmUR0pEXj6dY8ezpFkeMpNTGNvz1Vf2kLKQawJiv1MKdxzbehDXG9v4A0l2oBLd5m92Dme1/EKH7oj5g==",
        "dependencies": {
          "Avalonia": "11.3.11",
          "HarfBuzzSharp": "8.3.1.1",
          "HarfBuzzSharp.NativeAssets.Linux": "8.3.1.1",
          "HarfBuzzSharp.NativeAssets.WebAssembly": "8.3.1.1",
          "SkiaSharp": "2.88.9",
          "SkiaSharp.NativeAssets.Linux": "2.88.9",
          "SkiaSharp.NativeAssets.WebAssembly": "2.88.9"
        }
      },
      "Avalonia.Themes.Simple": {
        "type": "Transitive",
        "resolved": "11.3.11",
        "contentHash": "vrCD6Kz4nm4dKA7j3s7nTLxdlsQ+ru7iv45FDwRfys0QhrKK4deq40RxUgfREGvFfCNMD2b9EEerieU3uFSTkw==",
        "dependencies": {
          "Avalonia": "11.3.11"
        }
      },
      "Common.Logging": {
        "type": "Transitive",
        "resolved": "3.4.1",
        "contentHash": "5eZ/vgEOqzLg4PypZqnJ+wMhhgHyckicbZY4iDxqQ4FtOz0CpdYZ0xQ78aszMzeAJZiLLb5VdR9tPfunVQLz6g==",
        "dependencies": {
          "Common.Logging.Core": "3.4.1"
        }
      },
      "Common.Logging.Core": {
        "type": "Transitive",
        "resolved": "3.4.1",
        "contentHash": "wLHldZHvxsSD6Ahonfj00/SkfHfKqO+YT6jsUwVm8Rch1REL9IArHAcSLXxYxYfu5/4ydGtmXvOtaH3AkVPu0A=="
      },
      "DynamicData": {
        "type": "Transitive",
        "resolved": "8.4.1",
        "contentHash": "Mn1+fU/jqxgONEJq8KLQPGWEi7g/hUVTbjZyn4QM0sWWDAVOHPO9WjXWORSykwdfg/6S3GM15qsfz+2EvO+QAQ==",
        "dependencies": {
          "System.Reactive": "6.0.0"
        }
      },
      "Grpc.AspNetCore.Server": {
        "type": "Transitive",
        "resolved": "2.76.0",
        "contentHash": "diSC/ZeNdSdxHdYSOpYwuSBBDYpuNVtJQFJfiBB0WrYOQ4lVMmdxuUZJcViahQyo8pCvS3Mueo5lqFxwwMF/iw==",
        "dependencies": {
          "Grpc.Net.Common": "2.76.0"
        }
      },
      "Grpc.AspNetCore.Server.ClientFactory": {
        "type": "Transitive",
        "resolved": "2.76.0",
        "contentHash": "y5KGO1GO0N2L/hCCMR05mmoK8j+v8rKvZ+9nothAxKx2Tf2CwV8f4TM5K0GkKfDsp4vrc4lm90MU6E+DeN7YIw==",
        "dependencies": {
          "Grpc.AspNetCore.Server": "2.76.0",
          "Grpc.Net.ClientFactory": "2.76.0"
        }
      },
      "Grpc.Core.Api": {
        "type": "Transitive",
        "resolved": "2.76.0",
        "contentHash": "cSxC2tdnFdXXuBgIn1pjc4YBx7LXTCp4M0qn+SMBS35VWZY+cEQYLWTBDDhdBH1HzU7BV+ncVZlniGQHMpRJKQ=="
      },
      "Grpc.Net.ClientFactory": {
        "type": "Transitive",
        "resolved": "2.76.0",
        "contentHash": "XI+kO69L9AV8B9N0UQOmH911r6MOEp9huHiavEsY56DJYuzJ9KAxNGy37dpV6CLbgCaN2uKmpOsZ9Pao6bmpVQ==",
        "dependencies": {
          "Grpc.Net.Client": "2.76.0",
          "Microsoft.Extensions.Http": "8.0.0"
        }
      },
      "Grpc.Net.Common": {
        "type": "Transitive",
        "resolved": "2.76.0",
        "contentHash": "bZpiMVYgvpB44/wBh1RotrkqC7bg2FOasLri2GhR3hMKyzsiTxCoDE49YjPrJeFc4RW0wS8u+EInI09sjxVFRA==",
        "dependencies": {
          "Grpc.Core.Api": "2.76.0"
        }
      },
      "HarfBuzzSharp": {
        "type": "Transitive",
        "resolved": "8.3.1.1",
        "contentHash": "tLZN66oe/uiRPTZfrCU4i8ScVGwqHNh5MHrXj0yVf4l7Mz0FhTGnQ71RGySROTmdognAs0JtluHkL41pIabWuQ==",
        "dependencies": {
          "HarfBuzzSharp.NativeAssets.Android": "8.3.1.1"
        }
      },
      "HarfBuzzSharp.NativeAssets.Android": {
        "type": "Transitive",
        "resolved": "8.3.1.1",
        "contentHash": "XyyWJdGDwhz065vt3jL/Yk5Vvq+7/sn72wpCLGNOxamt8Ha83W13xTbhddQ1e+PGKmgxfsLAs/3hwJ+azQa7GQ=="
      },
      "HarfBuzzSharp.NativeAssets.Linux": {
        "type": "Transitive",
        "resolved": "8.3.1.1",
        "contentHash": "3EZ1mpIiKWRLL5hUYA82ZHteeDIVaEA/Z0rA/wU6tjx6crcAkJnBPwDXZugBSfo8+J3EznvRJf49uMsqYfKrHg=="
      },
      "HarfBuzzSharp.NativeAssets.WebAssembly": {
        "type": "Transitive",
        "resolved": "8.3.1.1",
        "contentHash": "loJweK2u/mH/3C2zBa0ggJlITIszOkK64HLAZB7FUT670dTg965whLFYHDQo69NmC4+d9UN0icLC9VHidXaVCA=="
      },
      "IPNetwork2": {
        "type": "Transitive",
        "resolved": "2.1.2",
        "contentHash": "DZF2SbtyqukkLSzyu0KqcXUBdhDXQ/K3QWM27vlvdPo3W+iI81pgUCNTwyynNyVc5Q9AIn0znFVVhHGbhiofUg==",
        "dependencies": {
          "NETStandard.Library": "1.6.1"
        }
      },
      "Makaretu.Dns": {
        "type": "Transitive",
        "resolved": "2.0.1",
        "contentHash": "qe/5w5Q/i2Xz2ZnCq3E49kLAtVFRuuBn40C1mQPWbLDwlHM0KVDzCkFqwxDedv7JgQis66Z9AZKyo1zCTRrdYA==",
        "dependencies": {
          "SimpleBase": "1.3.1"
        }
      },
      "MicroCom.Runtime": {
        "type": "Transitive",
        "resolved": "0.11.0",
        "contentHash": "MEnrZ3UIiH40hjzMDsxrTyi8dtqB5ziv3iBeeU4bXsL/7NLSal9F1lZKpK+tfBRnUoDSdtcW3KufE4yhATOMCA=="
      },
      "Microsoft.Data.Sqlite.Core": {
        "type": "Transitive",
        "resolved": "10.0.2",
        "contentHash": "/8ubtRdyED4qyxmL1CAu3UZZUEgc9l0dPCItW5tlOkYlKOb3QNhjGuEeb7uTKAqm8L7kwFOx1fCsndiylrzZAg==",
        "dependencies": {
          "SQLitePCLRaw.core": "2.1.11"
        }
      },
      "Microsoft.EntityFrameworkCore": {
        "type": "Transitive",
        "resolved": "10.0.2",
        "contentHash": "d3+XKbLSHPCu3vwpXECoXcFbvGKmAhEeUmc1xy2czmuPnEF7rZN2HP5ZGMwCMbAKk4B01+nS4HixSMo2Vf/Y9g==",
        "dependencies": {
          "Microsoft.EntityFrameworkCore.Abstractions": "10.0.2",
          "Microsoft.EntityFrameworkCore.Analyzers": "10.0.2",
          "Microsoft.Extensions.Caching.Memory": "10.0.2",
          "Microsoft.Extensions.Logging": "10.0.2"
        }
      },
      "Microsoft.EntityFrameworkCore.Abstractions": {
        "type": "Transitive",
        "resolved": "10.0.2",
        "contentHash": "BzAwIU5mYeOmnKbEXrkwx7feW2V+zUTrK/kRonSib94tjvc0/iRj2a4N6YGXRhTNjaFP3tvCMIDaX1vIFF6dkg=="
      },
      "Microsoft.EntityFrameworkCore.Analyzers": {
        "type": "Transitive",
        "resolved": "10.0.2",
        "contentHash": "5C8aKN2HFhXfLhkrVvQ6yH990nw35pS7HNnwdBc628zIREaKJ4/rkdCXzxOdZo/SnCT3Kg7a/CqnhlzuJhlD4Q=="
      },
      "Microsoft.EntityFrameworkCore.Relational": {
        "type": "Transitive",
        "resolved": "10.0.2",
        "contentHash": "1fUeyNmqDNfMogJ2ut7OKO57/WGjjkHMYeX51SpA3PwP7ftbx8g/Z3fbErD+1q14DILrqJfsszYsYhGssBRfDg==",
        "dependencies": {
          "Microsoft.EntityFrameworkCore": "10.0.2",
          "Microsoft.Extensions.Caching.Memory": "10.0.2",
          "Microsoft.Extensions.Configuration.Abstractions": "10.0.2",
          "Microsoft.Extensions.Logging": "10.0.2"
        }
      },
      "Microsoft.Extensions.Caching.Abstractions": {
        "type": "Transitive",
        "resolved": "10.0.2",
        "contentHash": "WIRPDa/qoKHmJhTAPCO/zLu9kRLQ2Fd6HD5tzgdXJ3xGEVXDHP6FvakKJjynwKrVDld8H4G4tcbW53wuC/wxMQ==",
        "dependencies": {
          "Microsoft.Extensions.Primitives": "10.0.2"
        }
      },
      "Microsoft.Extensions.Configuration": {
        "type": "Transitive",
        "resolved": "8.0.0",
        "contentHash": "0J/9YNXTMWSZP2p2+nvl8p71zpSwokZXZuJW+VjdErkegAnFdO1XlqtA62SJtgVYHdKu3uPxJHcMR/r35HwFBA==",
        "dependencies": {
          "Microsoft.Extensions.Configuration.Abstractions": "8.0.0",
          "Microsoft.Extensions.Primitives": "8.0.0"
        }
      },
      "Microsoft.Extensions.Configuration.Abstractions": {
        "type": "Transitive",
        "resolved": "10.0.2",
        "contentHash": "KC5PslaTDnTuTvyke0KYAVBYdZ7IVTsU3JhHe69BpEbHLcj1YThP3bIGtZNOkZfast2AuLnul5lk4rZKxAdUGQ==",
        "dependencies": {
          "Microsoft.Extensions.Primitives": "10.0.2"
        }
      },
      "Microsoft.Extensions.Configuration.Binder": {
        "type": "Transitive",
        "resolved": "8.0.0",
        "contentHash": "mBMoXLsr5s1y2zOHWmKsE9veDcx8h1x/c3rz4baEdQKTeDcmQAPNbB54Pi/lhFO3K431eEq6PFbMgLaa6PHFfA==",
        "dependencies": {
          "Microsoft.Extensions.Configuration.Abstractions": "8.0.0"
        }
      },
      "Microsoft.Extensions.DependencyInjection.Abstractions": {
        "type": "Transitive",
        "resolved": "10.0.2",
        "contentHash": "zOIurr59+kUf9vNcsUkCvKWZv+fPosUZXURZesYkJCvl0EzTc9F7maAO4Cd2WEV7ZJJ0AZrFQvuH6Npph9wdBw=="
      },
      "Microsoft.Extensions.DependencyModel": {
        "type": "Transitive",
        "resolved": "10.0.2",
        "contentHash": "DHXzj/FKmUDmhzw7AHbMXbNNcgO8Cb9PDbYOUDICjFAdIALy2WbC6pm+dFKiAUNtcYMucZu2iMVw1ef/sdcZFw=="
      },
      "Microsoft.Extensions.Diagnostics": {
        "type": "Transitive",
        "resolved": "8.0.0",
        "contentHash": "3PZp/YSkIXrF7QK7PfC1bkyRYwqOHpWFad8Qx+4wkuumAeXo1NHaxpS9LboNA9OvNSAu+QOVlXbMyoY+pHSqcw==",
        "dependencies": {
          "Microsoft.Extensions.Configuration": "8.0.0",
          "Microsoft.Extensions.Diagnostics.Abstractions": "8.0.0",
          "Microsoft.Extensions.Options.ConfigurationExtensions": "8.0.0"
        }
      },
      "Microsoft.Extensions.Diagnostics.Abstractions": {
        "type": "Transitive",
        "resolved": "8.0.0",
        "contentHash": "JHYCQG7HmugNYUhOl368g+NMxYE/N/AiclCYRNlgCY9eVyiBkOHMwK4x60RYMxv9EL3+rmj1mqHvdCiPpC+D4Q==",
        "dependencies": {
          "Microsoft.Extensions.DependencyInjection.Abstractions": "8.0.0",
          "Microsoft.Extensions.Options": "8.0.0"
        }
      },
      "Microsoft.Extensions.Http": {
        "type": "Transitive",
        "resolved": "8.0.0",
        "contentHash": "cWz4caHwvx0emoYe7NkHPxII/KkTI8R/LC9qdqJqnKv2poTJ4e2qqPGQqvRoQ5kaSA4FU5IV3qFAuLuOhoqULQ==",
        "dependencies": {
          "Microsoft.Extensions.Configuration.Abstractions": "8.0.0",
          "Microsoft.Extensions.DependencyInjection.Abstractions": "8.0.0",
          "Microsoft.Extensions.Diagnostics": "8.0.0",
          "Microsoft.Extensions.Logging": "8.0.0",
          "Microsoft.Extensions.Logging.Abstractions": "8.0.0",
          "Microsoft.Extensions.Options": "8.0.0"
        }
      },
      "Microsoft.Extensions.Logging": {
        "type": "Transitive",
        "resolved": "10.0.2",
        "contentHash": "a0EWuBs6D3d7XMGroDXm+WsAi5CVVfjOJvyxurzWnuhBN9CO+1qHKcrKV1JK7H/T4ZtHIoVCOX/YyWM8K87qtw==",
        "dependencies": {
          "Microsoft.Extensions.DependencyInjection": "10.0.2",
          "Microsoft.Extensions.Logging.Abstractions": "10.0.2",
          "Microsoft.Extensions.Options": "10.0.2"
        }
      },
      "Microsoft.Extensions.Logging.Abstractions": {
        "type": "Transitive",
        "resolved": "10.0.2",
        "contentHash": "RZkez/JjpnO+MZ6efKkSynN6ZztLpw3WbxNzjLCPBd97wWj1S9ZYPWi0nmT4kWBRa6atHsdM1ydGkUr8GudyDQ==",
        "dependencies": {
          "Microsoft.Extensions.DependencyInjection.Abstractions": "10.0.2"
        }
      },
      "Microsoft.Extensions.Options": {
        "type": "Transitive",
        "resolved": "10.0.2",
        "contentHash": "1De2LJjmxdqopI5AYC5dIhoZQ79AR5ayywxNF1rXrXFtKQfbQOV9+n/IsZBa7qWlr0MqoGpW8+OY2v/57udZOA==",
        "dependencies": {
          "Microsoft.Extensions.DependencyInjection.Abstractions": "10.0.2",
          "Microsoft.Extensions.Primitives": "10.0.2"
        }
      },
      "Microsoft.Extensions.Options.ConfigurationExtensions": {
        "type": "Transitive",
        "resolved": "8.0.0",
        "contentHash": "0f4DMRqEd50zQh+UyJc+/HiBsZ3vhAQALgdkcQEalSH1L2isdC7Yj54M3cyo5e+BeO5fcBQ7Dxly8XiBBcvRgw==",
        "dependencies": {
          "Microsoft.Extensions.Configuration.Abstractions": "8.0.0",
          "Microsoft.Extensions.Configuration.Binder": "8.0.0",
          "Microsoft.Extensions.DependencyInjection.Abstractions": "8.0.0",
          "Microsoft.Extensions.Options": "8.0.0",
          "Microsoft.Extensions.Primitives": "8.0.0"
        }
      },
      "Microsoft.Extensions.Primitives": {
        "type": "Transitive",
        "resolved": "10.0.2",
        "contentHash": "QmSiO+oLBEooGgB3i0GRXyeYRDHjllqt3k365jwfZlYWhvSHA3UL2NEVV5m8aZa041eIlblo6KMI5txvTMpTwA=="
      },
      "Microsoft.NETCore.Platforms": {
        "type": "Transitive",
        "resolved": "1.1.0",
        "contentHash": "kz0PEW2lhqygehI/d6XsPCQzD7ff7gUJaVGPVETX611eadGsA3A877GdSlU0LRVMCTH/+P3o2iDTak+S08V2+A=="
      },
      "NETStandard.Library": {
        "type": "Transitive",
        "resolved": "1.6.1",
        "contentHash": "WcSp3+vP+yHNgS8EV5J7pZ9IRpeDuARBPN28by8zqff1wJQXm26PVU8L3/fYLBJVU7BtDyqNVWq2KlCVvSSR4A==",
        "dependencies": {
          "Microsoft.NETCore.Platforms": "1.1.0"
        }
      },
      "ReactiveUI": {
        "type": "Transitive",
        "resolved": "20.1.1",
        "contentHash": "9hNPknWjijnaSWs6auypoXqUptPZcRpUypF+cf1zD50fgW+SEoQda502N3fVZ2eWPcaiUad+z6GaLwOWmUVHNw==",
        "dependencies": {
          "DynamicData": "8.4.1",
          "Splat": "15.1.1"
        }
      },
      "SimpleBase": {
        "type": "Transitive",
        "resolved": "1.3.1",
        "contentHash": "TqqQc+WFg3s10/PdnI2Dio0U7xEmVXhkf+ey4tOGZzjyd054rnNOLNVahJhMYmfBQdS7/jkVqC8xzLm/bkR3EA=="
      },
      "Splat": {
        "type": "Transitive",
        "resolved": "15.1.1",
        "contentHash": "RHDTdF90FwVbRia2cmuIzkiVoETqnXSB2dDBBi/I35HWXqv4OKGqoMcfcd6obMvO2OmmY5PjU1M62K8LkJafAA=="
      },
      "SQLitePCLRaw.core": {
        "type": "Transitive",
        "resolved": "2.1.11",
        "contentHash": "PK0GLFkfhZzLQeR3PJf71FmhtHox+U3vcY6ZtswoMjrefkB9k6ErNJEnwXqc5KgXDSjige2XXrezqS39gkpQKA=="
      },
      "SQLitePCLRaw.lib.e_sqlcipher.android": {
        "type": "Transitive",
        "resolved": "2.1.11",
        "contentHash": "Urehfbyce/CRzvquSBVtQWvzpouioLiJvbdEQ8/jPntR5wITTM6QmEDrouhX9bzSyp8RTLOBOORku/vfrVGW3A=="
      },
      "SQLitePCLRaw.provider.e_sqlcipher": {
        "type": "Transitive",
        "resolved": "2.1.11",
        "contentHash": "5L7YXWtPzKYHeXBHmj63QsHbLQmy0SYvhQp3xWA2yzSq1SvlnGFViveLfUDr/GEmePrqzXQ9tOJG9iQnFspfBA==",
        "dependencies": {
          "SQLitePCLRaw.core": "2.1.11"
        }
      },
      "System.Reactive": {
        "type": "Transitive",
        "resolved": "6.0.1",
        "contentHash": "rHaWtKDwCi9qJ3ObKo8LHPMuuwv33YbmQi7TcUK1C264V3MFnOr5Im7QgCTdLniztP3GJyeiSg5x8NqYJFqRmg=="
      },
      "Tmds.LibC": {
        "type": "Transitive",
        "resolved": "0.2.0",
        "contentHash": "+RvLuNHOLW7cxzgDe9yHLoayBgjsuH2/gJtJnuVMxweKrxxYT6TwQNAmt06SFWpjwk68aRcwwD4FfMMA6tZvVA=="
      },
      "Xamarin.AndroidX.Activity": {
        "type": "Transitive",
        "resolved": "1.8.0.1",
        "contentHash": "8P0GrvLWpErE6Fts2C6s0bjAv86Yg4XRBvyIhMkN6G3ocY8hd7oirilIaWdVLxG0nr/evuQeGgx2ktUvghxCkg==",
        "dependencies": {
          "Xamarin.AndroidX.Annotation": "1.7.0.2",
          "Xamarin.AndroidX.Collection": "1.3.0.1",
          "Xamarin.AndroidX.Core": "1.12.0.2",
          "Xamarin.AndroidX.Lifecycle.Runtime": "2.6.2.2",
          "Xamarin.AndroidX.Lifecycle.ViewModel": "2.6.2.2",
          "Xamarin.AndroidX.Lifecycle.ViewModelSavedState": "2.6.2.2",
          "Xamarin.AndroidX.ProfileInstaller.ProfileInstaller": "1.3.1.4",
          "Xamarin.AndroidX.SavedState": "1.2.1.5",
          "Xamarin.AndroidX.Tracing.Tracing": "1.1.0.8",
          "Xamarin.Kotlin.StdLib": "1.9.10.2"
        }
      },
      "Xamarin.AndroidX.Annotation": {
        "type": "Transitive",
        "resolved": "1.9.1.3",
        "contentHash": "XaUrvRoMSKhvJVgDkYLJXJi80/pGVUX5KDl6g2Yq/QuDhtgK+Jz0CHUCmbPqSSiwTDBm+eOkhiRVOZKEUgdpAQ==",
        "dependencies": {
          "Xamarin.AndroidX.Annotation.Jvm": "1.9.1.3",
          "Xamarin.Kotlin.StdLib": "2.0.21.3"
        }
      },
      "Xamarin.AndroidX.Annotation.Experimental": {
        "type": "Transitive",
        "resolved": "1.3.1.3",
        "contentHash": "Z7/cudfEkBEoHys8Th+AXif7sCtGh5RPLXsTkLXP7HsUUGbrGarfP9raGxlOt3kXl2+gtR3k0dj/2p7X1cfLcA==",
        "dependencies": {
          "Xamarin.Kotlin.StdLib": "1.9.10.2"
        }
      },
      "Xamarin.AndroidX.Annotation.Jvm": {
        "type": "Transitive",
        "resolved": "1.9.1.3",
        "contentHash": "5BPZUruuPnJ2X/Yem6pfNzyM71g5k6NQK0puuaQyPohJOs06Jc/3sQc3vH/t6WphGFc0IEi1ysGkM7WvwkyF+A==",
        "dependencies": {
          "Xamarin.Kotlin.StdLib": "2.0.21.3"
        }
      },
      "Xamarin.AndroidX.AppCompat": {
        "type": "Transitive",
        "resolved": "1.6.1.5",
        "contentHash": "S1yyFZstyJzBiINfyXe6pFvIy9paQdPHjpVxbxEBe+RnWgLOnYAZOA31IIpp74kmdCtJ2utlHSGPjY1bN1cYrQ==",
        "dependencies": {
          "Xamarin.AndroidX.Activity": "1.8.0.1",
          "Xamarin.AndroidX.Annotation": "1.7.0.2",
          "Xamarin.AndroidX.AppCompat.AppCompatResources": "1.6.1.6",
          "Xamarin.AndroidX.Collection": "1.3.0.1",
          "Xamarin.AndroidX.Core": "1.12.0.2",
          "Xamarin.AndroidX.Core.Core.Ktx": "1.12.0.2",
          "Xamarin.AndroidX.CursorAdapter": "1.0.0.21",
          "Xamarin.AndroidX.DrawerLayout": "1.2.0.5",
          "Xamarin.AndroidX.Emoji2": "1.4.0.2",
          "Xamarin.AndroidX.Emoji2.ViewsHelper": "1.4.0.2",
          "Xamarin.AndroidX.Fragment": "1.6.1.2",
          "Xamarin.AndroidX.Lifecycle.Runtime": "2.6.2.2",
          "Xamarin.AndroidX.Lifecycle.ViewModel": "2.6.2.2",
          "Xamarin.AndroidX.ResourceInspection.Annotation": "1.0.1.9",
          "Xamarin.AndroidX.SavedState": "1.2.1.5",
          "Xamarin.Kotlin.StdLib": "1.9.10.2"
        }
      },
      "Xamarin.AndroidX.AppCompat.AppCompatResources": {
        "type": "Transitive",
        "resolved": "1.6.1.6",
        "contentHash": "hXjW9MH4AD7bUOB9QOBfTmXfnCEM0EBlXA6h5v6Cm2xrdyUZcAetTbC/34/srgK+eaZlZivWa2Z1ZA0aLmr+CA==",
        "dependencies": {
          "Xamarin.AndroidX.Annotation": "1.7.0.2",
          "Xamarin.AndroidX.Collection": "1.3.0.1",
          "Xamarin.AndroidX.Core": "1.12.0.2",
          "Xamarin.AndroidX.VectorDrawable": "1.1.0.21",
          "Xamarin.AndroidX.VectorDrawable.Animated": "1.1.0.21"
        }
      },
      "Xamarin.AndroidX.Arch.Core.Common": {
        "type": "Transitive",
        "resolved": "2.2.0.5",
        "contentHash": "ixDTgtj1d9Gz9vx+E35pe47A+DdcefXgAj3Sw27xzhBY3lXIeEc68tFKAyVQJ9PtpLzoRdj5wV5/yjYAHjMNtA==",
        "dependencies": {
          "Xamarin.AndroidX.Annotation": "1.7.0.2"
        }
      },
      "Xamarin.AndroidX.Arch.Core.Runtime": {
        "type": "Transitive",
        "resolved": "2.2.0.5",
        "contentHash": "TP8jQsQ9VCJSx/6nBTGdPDT/yuH1CslLeH//3Ws13mqHfkof+Rrv2fIwine+NJMCTxqhjw1iW4anZDloCAr8XA==",
        "dependencies": {
          "Xamarin.AndroidX.Annotation": "1.7.0.2",
          "Xamarin.AndroidX.Arch.Core.Common": "2.2.0.5"
        }
      },
      "Xamarin.AndroidX.Collection": {
        "type": "Transitive",
        "resolved": "1.3.0.1",
        "contentHash": "wg52ZGGSYI3vBru4JUn07g52h7LmS6mOFeZBlp80ks9cu1ymDir6H7RRkxTQT4cOAxdNCQpzVkUwJi8zUzoGrQ==",
        "dependencies": {
          "Xamarin.AndroidX.Annotation": "1.7.0.2",
          "Xamarin.AndroidX.Collection.Jvm": "1.3.0.1",
          "Xamarin.Kotlin.StdLib": "1.9.10.2"
        }
      },
      "Xamarin.AndroidX.Collection.Jvm": {
        "type": "Transitive",
        "resolved": "1.3.0.1",
        "contentHash": "dMY/zYb24fCqjJn+M/T89DUeA8CNsdWaQ4UuTM6ppcKkLDfOEOQrQBBo0N3XDNDZOXAIrKY/bJHhHS28HiVSdA==",
        "dependencies": {
          "Xamarin.AndroidX.Annotation.Jvm": "1.7.0.2",
          "Xamarin.Kotlin.StdLib": "1.9.10.2"
        }
      },
      "Xamarin.AndroidX.Concurrent.Futures": {
        "type": "Transitive",
        "resolved": "1.1.0.16",
        "contentHash": "AaEYJ6draC2l4ZV5PBA3z/3ffS3QQwMD5dfAYjLsc8eJh2TSCNPQ8DiPmiy8SB6YD9/RXAWbv8aeArIaT1AgXA==",
        "dependencies": {
          "Xamarin.AndroidX.Annotation": "1.7.0.2",
          "Xamarin.Google.Guava.ListenableFuture": "1.0.0.16"
        }
      },
      "Xamarin.AndroidX.Core": {
        "type": "Transitive",
        "resolved": "1.12.0.2",
        "contentHash": "EwvVE+JxFKycfo+5/BgQbM0RNpw633OHPb4vSLZRZFqqagc8YXQLVGUtv7jFBavpwVG0Qot/TFynUjpgq1zW9g==",
        "dependencies": {
          "Xamarin.AndroidX.Annotation": "1.7.0.2",
          "Xamarin.AndroidX.Annotation.Experimental": "1.3.1.3",
          "Xamarin.AndroidX.Collection": "1.3.0.1",
          "Xamarin.AndroidX.Concurrent.Futures": "1.1.0.16",
          "Xamarin.AndroidX.Interpolator": "1.0.0.21",
          "Xamarin.AndroidX.Lifecycle.Runtime": "2.6.2.2",
          "Xamarin.AndroidX.VersionedParcelable": "1.1.1.21",
          "Xamarin.Kotlin.StdLib": "1.9.10.2"
        }
      },
      "Xamarin.AndroidX.Core.Core.Ktx": {
        "type": "Transitive",
        "resolved": "1.12.0.2",
        "contentHash": "phaPAz/VM07jjmgLFXpV2F/8NlUL16NkP0kThR8ypq6CbQ391o+YEEXIzG8ONEsIWMzM6kOS5tk82PlMKiHJzA==",
        "dependencies": {
          "Xamarin.AndroidX.Annotation": "1.7.0.2",
          "Xamarin.AndroidX.Core": "1.12.0.2",
          "Xamarin.Kotlin.StdLib": "1.9.10.2"
        }
      },
      "Xamarin.AndroidX.CursorAdapter": {
        "type": "Transitive",
        "resolved": "1.0.0.21",
        "contentHash": "xyhOkiPj/aWfGzXNSt+o4WgPvJ8qiB9NBu66r8P12E/2Um1inTya+Ps2sRMeHZ+xRaSQLqWShoBU+EkOs6Rcnw==",
        "dependencies": {
          "Xamarin.AndroidX.Annotation": "1.7.0.2"
        }
      },
      "Xamarin.AndroidX.CustomView": {
        "type": "Transitive",
        "resolved": "1.1.0.20",
        "contentHash": "j8ET0swr9tEBehkJBkn3q2HSMCnhRid4Zdre2gYThMba1fsmYGxJwHbyyXAox7qkdPRCMkD6YKDNK5ZCP1CTlQ==",
        "dependencies": {
          "Xamarin.AndroidX.Annotation": "1.7.0.2",
          "Xamarin.AndroidX.Collection": "1.3.0.1",
          "Xamarin.AndroidX.Core": "1.12.0.2"
        }
      },
      "Xamarin.AndroidX.DrawerLayout": {
        "type": "Transitive",
        "resolved": "1.2.0.5",
        "contentHash": "o447Aqo9ecp6u9tN+S1IFqPDJKKxO+Jk0yvh/SmEn4YxxLr2cOpX3s6us8TETjFz7b8fh35MUCH4ZuHL8mOlsw==",
        "dependencies": {
          "Xamarin.AndroidX.Annotation": "1.7.0.2",
          "Xamarin.AndroidX.Core": "1.12.0.2",
          "Xamarin.AndroidX.CustomView": "1.1.0.20"
        }
      },
      "Xamarin.AndroidX.Emoji2": {
        "type": "Transitive",
        "resolved": "1.4.0.2",
        "contentHash": "/PAPCXgjMs2DDWzm534UJByqUR6NTeN8Wv1azbEO4/rZ0YH2wpek0rhKbQx0QRrREDlkgHRhL1lTIKOO/3qm4g==",
        "dependencies": {
          "Xamarin.AndroidX.Annotation": "1.7.0.2",
          "Xamarin.AndroidX.Collection": "1.3.0.1",
          "Xamarin.AndroidX.Core": "1.12.0.2",
          "Xamarin.AndroidX.Lifecycle.Process": "2.6.2.2",
          "Xamarin.AndroidX.Startup.StartupRuntime": "1.1.1.9"
        }
      },
      "Xamarin.AndroidX.Emoji2.ViewsHelper": {
        "type": "Transitive",
        "resolved": "1.4.0.2",
        "contentHash": "VLkejC/4yRTIgJOnE/3J5GStN/GmB4FCkxKyH8xsRrgyWKqZACdDdNxRUL+WN/WrdFTmFTgWdfksfpqcRwMCzQ==",
        "dependencies": {
          "Xamarin.AndroidX.Collection": "1.3.0.1",
          "Xamarin.AndroidX.Core": "1.12.0.2",
          "Xamarin.AndroidX.Emoji2": "1.4.0.2"
        }
      },
      "Xamarin.AndroidX.Fragment": {
        "type": "Transitive",
        "resolved": "1.6.1.2",
        "contentHash": "lq9GnPLw8CoCZmzlOVep6/XRqaEJwfQyjLdu8qVqsxvItYZmxek1xW8Hoytvj4lYzsq9bDqvH5GeHJx8/OJJlg==",
        "dependencies": {
          "Xamarin.AndroidX.Activity": "1.8.0.1",
          "Xamarin.AndroidX.Annotation": "1.7.0.2",
          "Xamarin.AndroidX.Annotation.Experimental": "1.3.1.3",
          "Xamarin.AndroidX.Collection": "1.3.0.1",
          "Xamarin.AndroidX.Core.Core.Ktx": "1.12.0.2",
          "Xamarin.AndroidX.Lifecycle.LiveData.Core": "2.6.2.2",
          "Xamarin.AndroidX.Lifecycle.Runtime": "2.6.2.2",
          "Xamarin.AndroidX.Lifecycle.ViewModel": "2.6.2.2",
          "Xamarin.AndroidX.Lifecycle.ViewModelSavedState": "2.6.2.2",
          "Xamarin.AndroidX.Loader": "1.1.0.21",
          "Xamarin.AndroidX.ProfileInstaller.ProfileInstaller": "1.3.1.4",
          "Xamarin.AndroidX.SavedState": "1.2.1.5",
          "Xamarin.AndroidX.ViewPager": "1.0.0.21",
          "Xamarin.Kotlin.StdLib": "1.9.10.2"
        }
      },
      "Xamarin.AndroidX.Interpolator": {
        "type": "Transitive",
        "resolved": "1.0.0.21",
        "contentHash": "Vv1JifEGW8VQwDi1NgCB9o2xsT8KYYsoNuxUb9K2MR5DsL5iV1CK4zEegQ400ncB00UEaeUE8Y50xxSUN34JNw==",
        "dependencies": {
          "Xamarin.AndroidX.Annotation": "1.7.0.2"
        }
      },
      "Xamarin.AndroidX.Lifecycle.Common": {
        "type": "Transitive",
        "resolved": "2.6.2.2",
        "contentHash": "GiK8OCp/p4Vx5gSgB/YEX82XnJE+05AbWzJ9aWzMsu9mVtFpVxE9Rda0Tlfv0HoJk/nL/KnFC5p1UbwqyixxXw==",
        "dependencies": {
          "Xamarin.AndroidX.Annotation": "1.7.0.2",
          "Xamarin.Kotlin.StdLib": "1.9.10.2",
          "Xamarin.KotlinX.Coroutines.Android": "1.7.3.2"
        }
      },
      "Xamarin.AndroidX.Lifecycle.LiveData.Core": {
        "type": "Transitive",
        "resolved": "2.6.2.2",
        "contentHash": "cX38zbLJhi1XOUrTQONRRPfAkNidcRrToTo0uBkT6P3DKzOIWCLObFQPLfIA4rCmBbfmlYQpJOwx8DgPxekrWQ==",
        "dependencies": {
          "Xamarin.AndroidX.Arch.Core.Common": "2.2.0.5",
          "Xamarin.AndroidX.Arch.Core.Runtime": "2.2.0.5",
          "Xamarin.AndroidX.Lifecycle.Common": "2.6.2.2",
          "Xamarin.Kotlin.StdLib": "1.9.10.2"
        }
      },
      "Xamarin.AndroidX.Lifecycle.Process": {
        "type": "Transitive",
        "resolved": "2.6.2.2",
        "contentHash": "8ow8vqE7KQmpZzBRNfuqdxq2UPqk0GO4ADgxLl/2Hdq6a09MTUogrOBWqvec41qkS1qBkDu7KIXXNzV7jxs0bQ==",
        "dependencies": {
          "Xamarin.AndroidX.Annotation": "1.7.0.2",
          "Xamarin.AndroidX.Lifecycle.Runtime": "2.6.2.2",
          "Xamarin.AndroidX.Startup.StartupRuntime": "1.1.1.9",
          "Xamarin.Kotlin.StdLib": "1.9.10.2"
        }
      },
      "Xamarin.AndroidX.Lifecycle.Runtime": {
        "type": "Transitive",
        "resolved": "2.6.2.2",
        "contentHash": "PDw857hCw/6hlH77E+51dxpX6nCjyUSsOBI+RX33nT/iz51uVI5e02aYiJybZkVH87UkjU4AJrYWycvnBYD2Fw==",
        "dependencies": {
          "Xamarin.AndroidX.Annotation": "1.7.0.2",
          "Xamarin.AndroidX.Arch.Core.Common": "2.2.0.5",
          "Xamarin.AndroidX.Arch.Core.Runtime": "2.2.0.5",
          "Xamarin.AndroidX.Lifecycle.Common": "2.6.2.2",
          "Xamarin.AndroidX.ProfileInstaller.ProfileInstaller": "1.3.1.4",
          "Xamarin.Kotlin.StdLib": "1.9.10.2"
        }
      },
      "Xamarin.AndroidX.Lifecycle.ViewModel": {
        "type": "Transitive",
        "resolved": "2.6.2.2",
        "contentHash": "dV4JCGOFQXMqcbBWI0o0SMN7d+FH655xLhtEXv7O0pUOwTqCUNBNjEzaTCQU8ldPytdE9c/3RacaYqjMwFEzog==",
        "dependencies": {
          "Xamarin.AndroidX.Annotation": "1.7.0.2",
          "Xamarin.Kotlin.StdLib": "1.9.10.2"
        }
      },
      "Xamarin.AndroidX.Lifecycle.ViewModelSavedState": {
        "type": "Transitive",
        "resolved": "2.6.2.2",
        "contentHash": "Y1cb6IA3Chp1jkve2IBwOFAbHVaHkB/RPatfXyMdwl2iLWR/tRrFHAdr/t8ZWblVbGnIxsR2WnbAZg34KKeoeg==",
        "dependencies": {
          "Xamarin.AndroidX.Annotation": "1.7.0.2",
          "Xamarin.AndroidX.Core.Core.Ktx": "1.12.0.2",
          "Xamarin.AndroidX.Lifecycle.LiveData.Core": "2.6.2.2",
          "Xamarin.AndroidX.Lifecycle.ViewModel": "2.6.2.2",
          "Xamarin.AndroidX.SavedState": "1.2.1.5",
          "Xamarin.Kotlin.StdLib": "1.9.10.2",
          "Xamarin.KotlinX.Coroutines.Android": "1.7.3.2"
        }
      },
      "Xamarin.AndroidX.Loader": {
        "type": "Transitive",
        "resolved": "1.1.0.21",
        "contentHash": "RVWKCXTv2e0aAndBF3N/+gUcAQamfaj18KjDr5oCWCUJRABc/7m94HYX28Esx+eF7Z0z3StYsxudyQh5S7+ojQ==",
        "dependencies": {
          "Xamarin.AndroidX.Annotation": "1.7.0.2",
          "Xamarin.AndroidX.Collection": "1.3.0.1",
          "Xamarin.AndroidX.Core": "1.12.0.2",
          "Xamarin.AndroidX.Lifecycle.LiveData.Core": "2.6.2.2",
          "Xamarin.AndroidX.Lifecycle.ViewModel": "2.6.2.2"
        }
      },
      "Xamarin.AndroidX.ProfileInstaller.ProfileInstaller": {
        "type": "Transitive",
        "resolved": "1.3.1.4",
        "contentHash": "AO5I4J6M7VoeBKZKN5N4FLbecYbKFqXcKOR1IjLHUHxJ+BjsJ/ZqUowocX3qx4ODT5YKTrFM33AInSMO3s4z/w==",
        "dependencies": {
          "Xamarin.AndroidX.Annotation": "1.7.0.2",
          "Xamarin.AndroidX.Concurrent.Futures": "1.1.0.16",
          "Xamarin.AndroidX.Startup.StartupRuntime": "1.1.1.9",
          "Xamarin.Google.Guava.ListenableFuture": "1.0.0.16"
        }
      },
      "Xamarin.AndroidX.ResourceInspection.Annotation": {
        "type": "Transitive",
        "resolved": "1.0.1.9",
        "contentHash": "631q5j+2/DJM0mG+rlGp2m08pp9944F/rXbH591Vqk8eGMClWbO/+P1wYjGUiZlUMwjYJM4Ng96F2Hl3X/dXXA==",
        "dependencies": {
          "Xamarin.AndroidX.Annotation": "1.7.0.2"
        }
      },
      "Xamarin.AndroidX.SavedState": {
        "type": "Transitive",
        "resolved": "1.2.1.5",
        "contentHash": "Pc+FmugeXI+gttR05U6IUHpIdZI+TBSkhx6hmGIsFfB+J0n4UVhIHcI8fLWg1ntfEYK0Sjiw5Oj/90rstxE84A==",
        "dependencies": {
          "Xamarin.AndroidX.Annotation": "1.7.0.2",
          "Xamarin.AndroidX.Arch.Core.Common": "2.2.0.5",
          "Xamarin.AndroidX.Lifecycle.Common": "2.6.2.2",
          "Xamarin.Kotlin.StdLib": "1.9.10.2"
        }
      },
      "Xamarin.AndroidX.Startup.StartupRuntime": {
        "type": "Transitive",
        "resolved": "1.1.1.9",
        "contentHash": "+1H5uYkCRdtH+VF1bugw+jtjUYUhXSjyfn42r1CY6/bz4wUENvxRXqqA0lMnduVaexXrwxLCijHZQyhAzcyOrA==",
        "dependencies": {
          "Xamarin.AndroidX.Annotation": "1.7.0.2",
          "Xamarin.AndroidX.Tracing.Tracing": "1.1.0.8"
        }
      },
      "Xamarin.AndroidX.Tracing.Tracing": {
        "type": "Transitive",
        "resolved": "1.1.0.8",
        "contentHash": "LAHI/VuXb4C4RUOIv2kEIPGxmXHnQ3USc9xJdlICGuCDxi2zRgcF14Ch2MzxZCFbxSd6uJcV/kV+y+IsEISQiA==",
        "dependencies": {
          "Xamarin.AndroidX.Annotation": "1.7.0.2"
        }
      },
      "Xamarin.AndroidX.VectorDrawable": {
        "type": "Transitive",
        "resolved": "1.1.0.21",
        "contentHash": "h86C+2fLTe51o9Yodac72t+V24CE0WQnNq5Vl+8z3rUXU2S2m3TjYwyM8S3zXKcuKEFn3w9FNGur0kwzdYuIQQ==",
        "dependencies": {
          "Xamarin.AndroidX.Annotation": "1.7.0.2",
          "Xamarin.AndroidX.Collection": "1.3.0.1",
          "Xamarin.AndroidX.Core": "1.12.0.2"
        }
      },
      "Xamarin.AndroidX.VectorDrawable.Animated": {
        "type": "Transitive",
        "resolved": "1.1.0.21",
        "contentHash": "fKYBdRVkHs/fHNz3R6/Ta5zBIUP2RO6hyziPSNXy6DJ4K0LheLrVNmVnqfHqIGFtrJnmuUuv1ofxC9jkEpj+Kg==",
        "dependencies": {
          "Xamarin.AndroidX.Collection": "1.3.0.1",
          "Xamarin.AndroidX.Interpolator": "1.0.0.21",
          "Xamarin.AndroidX.VectorDrawable": "1.1.0.21"
        }
      },
      "Xamarin.AndroidX.VersionedParcelable": {
        "type": "Transitive",
        "resolved": "1.1.1.21",
        "contentHash": "PL6nzB3nFunYNkQP7SdtJ4qJ/5cxbEXKRGHmuyKqIrrSmpwuwkg+w4+F8dsV/0DSI3OG8SbYy9oTZKMnAo2Qcw==",
        "dependencies": {
          "Xamarin.AndroidX.Annotation": "1.7.0.2",
          "Xamarin.AndroidX.Collection": "1.3.0.1"
        }
      },
      "Xamarin.AndroidX.ViewPager": {
        "type": "Transitive",
        "resolved": "1.0.0.21",
        "contentHash": "DpWpKsKk1IsJY4E0jn9Q343x8BxxYE2oXveg4hKYIcvQaV3jCoZ9d/qmvrzUdTwOF1dFS7J0+ebLYasCVBvsXA==",
        "dependencies": {
          "Xamarin.AndroidX.Annotation": "1.7.0.2",
          "Xamarin.AndroidX.Core": "1.12.0.2",
          "Xamarin.AndroidX.CustomView": "1.1.0.20"
        }
      },
      "Xamarin.Google.Guava.ListenableFuture": {
        "type": "Transitive",
        "resolved": "1.0.0.16",
        "contentHash": "tWzwQbpYqWlZw9e0TBxeIOevYZJC8gL/X+oz8EH7nQGEN8DWD/voIZo0515zP1u5gvUFMQMpXP1bx/T1OXuRYg=="
      },
      "Xamarin.Jetbrains.Annotations": {
        "type": "Transitive",
        "resolved": "26.0.2.1",
        "contentHash": "wvBCuRcO5W8akf8FRbP3+WZLRykyy1y9Dv7ceclmNvh4fX7GY6pRtcGYMRM/KkQ9k1xLC8rA4o5DKg0aSsyn6A=="
      },
      "Xamarin.Kotlin.StdLib": {
        "type": "Transitive",
        "resolved": "2.0.21.3",
        "contentHash": "0zuQUYcHvVX+JtWrWdxT0pEfdK+ekT7zZn0rewVJhjBGYoSBcEx+gXLWIynKAUMZEfWgrZ/8JFDZRhb7kx5i4g==",
        "dependencies": {
          "Xamarin.Jetbrains.Annotations": "26.0.2.1"
        }
      },
      "Xamarin.Kotlin.StdLib.Common": {
        "type": "Transitive",
        "resolved": "1.9.10.2",
        "contentHash": "DNIG7tvONIrT22H7qJWOTXw0Flm6x9gVO9NaUg7R75sfVMX3yOkUn/Ho+nXLAHkV6WEqCot7LVDWK7e0iuDOmw=="
      },
      "Xamarin.Kotlin.StdLib.Jdk7": {
        "type": "Transitive",
        "resolved": "1.9.10.2",
        "contentHash": "wyp33De+7yweYiogrPdzxbrehXPmPEPN5+3kfm2DuSDnBQ2SDtcwzNNjDDA+4lHfBsiZ2xLlv69pK4EmnsaaGw==",
        "dependencies": {
          "Xamarin.Kotlin.StdLib": "1.9.10.2"
        }
      },
      "Xamarin.Kotlin.StdLib.Jdk8": {
        "type": "Transitive",
        "resolved": "1.9.10.2",
        "contentHash": "Y02jFdk900ut25cV6cuygoQv7mkk+VI+wnKdhlzg9lJsD4ixdu9EBWlCdU8SL2GfOa/WukBjWjQmLseXFa/MvA==",
        "dependencies": {
          "Xamarin.Kotlin.StdLib": "1.9.10.2",
          "Xamarin.Kotlin.StdLib.Jdk7": "1.9.10.2"
        }
      },
      "Xamarin.KotlinX.Coroutines.Android": {
        "type": "Transitive",
        "resolved": "1.7.3.2",
        "contentHash": "2Fq5VMHTho9NtGF/Zsp27P0YWjrbqCJZ1iwzKmjJTHh2QOOt8tYAZkp1v5ehKki0rVXE8S5bl2Crl50D50Qg5A==",
        "dependencies": {
          "Xamarin.Kotlin.StdLib.Jdk8": "1.9.10.2",
          "Xamarin.KotlinX.Coroutines.Core.Jvm": "1.7.3.2"
        }
      },
      "Xamarin.KotlinX.Coroutines.Core.Jvm": {
        "type": "Transitive",
        "resolved": "1.7.3.2",
        "contentHash": "HVLQtdbj/40sF/Gyo3ltTWKlsGMhZOQMGKMd2jzCXI4fOQ/1kwR1ci/5WgliISmk9kmFCQVISs2AtAJ+Ml+g5A==",
        "dependencies": {
          "Xamarin.Jetbrains.Annotations": "24.0.1.5",
          "Xamarin.Kotlin.StdLib.Common": "1.9.10.2",
          "Xamarin.Kotlin.StdLib.Jdk8": "1.9.10.2"
        }
      },
      "passwordmanagerlocal": {
        "type": "Project",
        "dependencies": {
          "Avalonia": "[11.3.11, )",
          "Avalonia.Diagnostics": "[11.3.11, )",
          "Avalonia.Fonts.Inter": "[11.3.11, )",
          "Avalonia.ReactiveUI": "[11.3.8, )",
          "Avalonia.Themes.Fluent": "[11.3.11, )",
          "Microsoft.Extensions.DependencyInjection": "[10.0.2, )",
          "PasswordManagerLocalBackend": "[1.0.0, )"
        }
      },
      "passwordmanagerlocalbackend": {
        "type": "Project",
        "dependencies": {
          "Google.Protobuf": "[3.33.4, )",
          "Grpc.AspNetCore": "[2.76.0, )",
          "Grpc.Net.Client": "[2.76.0, )",
          "Makaretu.Dns.Multicast": "[0.27.0, )",
          "Microsoft.EntityFrameworkCore.Sqlite.Core": "[10.0.2, )",
          "NSec.Cryptography": "[25.4.0, )",
          "SQLitePCLRaw.bundle_e_sqlcipher": "[2.1.11, )"
        }
      },
      "Avalonia": {
        "type": "CentralTransitive",
        "requested": "[11.3.11, )",
        "resolved": "11.3.11",
        "contentHash": "N+LjdoGLOD2Rio1JK0VlSMEB2opGZpq8/Vs5LV16eAnbjFeXdqY5uwmURFKb1rJ9McyMZQT3Kf2/DecmKqrLEw==",
        "dependencies": {
          "Avalonia.BuildServices": "11.3.2",
          "Avalonia.Remote.Protocol": "11.3.11",
          "MicroCom.Runtime": "0.11.0"
        }
      },
      "Avalonia.Diagnostics": {
        "type": "CentralTransitive",
        "requested": "[11.3.11, )",
        "resolved": "11.3.11",
        "contentHash": "gqKcPTGRZG/ocet5vOmQrIpf+gQU4mOS3mVwIisSv1GAKA/+JmNcnp5ouaKikLbdGt7Qcw2ZKl+daMws9y6/mg==",
        "dependencies": {
          "Avalonia": "11.3.11",
          "Avalonia.Controls.ColorPicker": "11.3.11",
          "Avalonia.Themes.Simple": "11.3.11"
        }
      },
      "Avalonia.Fonts.Inter": {
        "type": "CentralTransitive",
        "requested": "[11.3.11, )",
        "resolved": "11.3.11",
        "contentHash": "VzfS95eXV2YlMxizNWGug3eb4717lNGZ3lIfl5os+DTL+A1djDT+Sv87oXAj8jGVqijdA/eFP9jax5JA9GCb3g==",
        "dependencies": {
          "Avalonia": "11.3.11"
        }
      },
      "Avalonia.ReactiveUI": {
        "type": "CentralTransitive",
        "requested": "[11.3.8, )",
        "resolved": "11.3.8",
        "contentHash": "nD7U8UhJcng9OEunDt5bFRDvo+UHxtVi/a+BNLH2dxQuNJnqtXpLp/2rEzrzJDtV8X2FU7fHTwTrDhNOyYjWxw==",
        "dependencies": {
          "Avalonia": "11.3.8",
          "ReactiveUI": "20.1.1",
          "System.Reactive": "6.0.1"
        }
      },
      "Avalonia.Themes.Fluent": {
        "type": "CentralTransitive",
        "requested": "[11.3.11, )",
        "resolved": "11.3.11",
        "contentHash": "GBLwgTwLPGaWxtbBdZ+kUn+QIKVorTc3m8v3nr0wsvRJkWHPgrDR5LAoHJjkPQCLDFuqocYFIeLOUAaBYP0MeA==",
        "dependencies": {
          "Avalonia": "11.3.11"
        }
      },
      "Google.Protobuf": {
        "type": "CentralTransitive",
        "requested": "[3.33.4, )",
        "resolved": "3.33.4",
        "contentHash": "8uRKKkDp+0Clqz1GqH6aTQtQsDJJyWhw9Owo1jsplIdNR7SIPehLVq4+5zccXkjOVbR6OcjEvL4MlrVSTme2IA=="
      },
      "Grpc.AspNetCore": {
        "type": "CentralTransitive",
        "requested": "[2.76.0, )",
        "resolved": "2.76.0",
        "contentHash": "LyXMmpN2Ba0TE35SOLSKbGqIYtJuhc1UgiaGfoW1X8KJERV70QI5KGW+ckEY7MrXoFWN/uWo4B70siVhbDmCgQ==",
        "dependencies": {
          "Google.Protobuf": "3.31.1",
          "Grpc.AspNetCore.Server.ClientFactory": "2.76.0",
          "Grpc.Tools": "2.76.0"
        }
      },
      "Grpc.Net.Client": {
        "type": "CentralTransitive",
        "requested": "[2.76.0, )",
        "resolved": "2.76.0",
        "contentHash": "K1oldmqw2+Gn69nGRzZLhqSiUZwelX1GrBu/cUl9wNf1C0uB61vFS6JcxUUv9P8VoUJhFsmV44JA6lI2EUt4xw==",
        "dependencies": {
          "Grpc.Net.Common": "2.76.0",
          "Microsoft.Extensions.Logging.Abstractions": "8.0.0"
        }
      },
      "Grpc.Tools": {
        "type": "CentralTransitive",
        "requested": "[2.76.0, )",
        "resolved": "2.76.0",
        "contentHash": "goRzYZVMgQtyLvkWdgTnPycg49hlNxnMkqGGgR3l7nCOm0bUh0YeAneiJ9JFk3XLgF4suQUdETYkl2Mg/TBr0w=="
      },
      "libsodium": {
        "type": "CentralTransitive",
        "requested": "[1.0.20.2, )",
        "resolved": "1.0.20.2",
        "contentHash": "FButtPK6HZvOewaE20F1HXNJn4qOoGAf7FEDm0VbWJ+xBX9pN9+2nkQQnfaLz+Ae5KuEzRoe1GHO00UpabgNxA=="
      },
      "Makaretu.Dns.Multicast": {
        "type": "CentralTransitive",
        "requested": "[0.27.0, )",
        "resolved": "0.27.0",
        "contentHash": "MTMq3vca9yw8sMW0knox/lZcAkDghmH6FVLTRInJZWbuYE99QI/9k9EujsXusWQ8oDySXb/gX92bfZipKehQgw==",
        "dependencies": {
          "Common.Logging": "3.4.1",
          "IPNetwork2": "2.1.2",
          "Makaretu.Dns": "2.0.1",
          "Tmds.LibC": "0.2.0"
        }
      },
      "Microsoft.EntityFrameworkCore.Sqlite.Core": {
        "type": "CentralTransitive",
        "requested": "[10.0.2, )",
        "resolved": "10.0.2",
        "contentHash": "IAaYGhV7lKXbG7c5G9mMlc1buAiUXME0RbLPrAFdlmtRuCnUaKbjcupJAQJPz2q2VEjwzm1Mx2WprizFVls0QQ==",
        "dependencies": {
          "Microsoft.Data.Sqlite.Core": "10.0.2",
          "Microsoft.EntityFrameworkCore.Relational": "10.0.2",
          "Microsoft.Extensions.Caching.Memory": "10.0.2",
          "Microsoft.Extensions.Configuration.Abstractions": "10.0.2",
          "Microsoft.Extensions.DependencyModel": "10.0.2",
          "Microsoft.Extensions.Logging": "10.0.2",
          "SQLitePCLRaw.core": "2.1.11"
        }
      },
      "Microsoft.Extensions.Caching.Memory": {
        "type": "CentralTransitive",
        "requested": "[10.0.2, )",
        "resolved": "10.0.2",
        "contentHash": "MkdPYdtsu0Ta4m9Di4XnWVdO9u+wi1LtvisoR1EteIxsXWO/+3iyAPH6RZbw2lBlWZu9lastbl2YsHVIaL9j+g==",
        "dependencies": {
          "Microsoft.Extensions.Caching.Abstractions": "10.0.2",
          "Microsoft.Extensions.DependencyInjection.Abstractions": "10.0.2",
          "Microsoft.Extensions.Logging.Abstractions": "10.0.2",
          "Microsoft.Extensions.Options": "10.0.2",
          "Microsoft.Extensions.Primitives": "10.0.2"
        }
      },
      "Microsoft.Extensions.DependencyInjection": {
        "type": "CentralTransitive",
        "requested": "[10.0.2, )",
        "resolved": "10.0.2",
        "contentHash": "J/Zmp6fY93JbaiZ11ckWvcyxMPjD6XVwIHQXBjryTBgn7O6O20HYg9uVLFcZlNfgH78MnreE/7EH+hjfzn7VyA==",
        "dependencies": {
          "Microsoft.Extensions.DependencyInjection.Abstractions": "10.0.2"
        }
      },
      "NSec.Cryptography": {
        "type": "CentralTransitive",
        "requested": "[25.4.0, )",
        "resolved": "25.4.0",
        "contentHash": "Z3wPpG0xefMLmhn9T+Ka/EzAmMQPT0THL/5E4lf9cXI/N9rbGH0G23ZFpRcPnD0ast2k7ieG6QSVNIjmfPCXBQ==",
        "dependencies": {
          "libsodium": "[1.0.20.1, 1.0.21)"
        }
      },
      "SkiaSharp": {
        "type": "CentralTransitive",
        "requested": "[3.119.1, )",
        "resolved": "3.119.1",
        "contentHash": "+Ru1BTSZQne3Vp+vbSb50Ke3Nlc3ZnItxx4+751J9WZ8YzLKAV/n+9DAo4zFTyeCI//ueT63c+VybmTTpYBEiw==",
        "dependencies": {
          "SkiaSharp.NativeAssets.Android": "3.119.1"
        }
      },
      "SkiaSharp.NativeAssets.Android": {
        "type": "CentralTransitive",
        "requested": "[3.119.1, )",
        "resolved": "3.119.1",
        "contentHash": "b66ENYiCJEgbnwx9WoxTYMgoxL7LLQ8sfmlsTRr+ZLx1hyzATuHtiU2mcwf1jkrD7h4lN/jVysEoAzRFWDstPQ=="
      },
      "SkiaSharp.NativeAssets.Linux": {
        "type": "CentralTransitive",
        "requested": "[3.119.1, )",
        "resolved": "3.119.1",
        "contentHash": "9YNoc4SeKvQhrwiqwT4ezkNfMywPdPSK+UFvo/CaoXqLixcnYOTsQKm5BF9mc4+q3vKgDtEgMt0d1ygZhJTEHg=="
      },
      "SkiaSharp.NativeAssets.WebAssembly": {
        "type": "CentralTransitive",
        "requested": "[3.119.1, )",
        "resolved": "3.119.1",
        "contentHash": "AH/y+gLcyEygtIMHJOI6Gwks9EkVge6rXHdfXfmT3H9rOWGIii257VmQ+sjSyqY1bqgU5SE5OakXNvDh0eV7QQ=="
      },
      "SQLitePCLRaw.bundle_e_sqlcipher": {
        "type": "CentralTransitive",
        "requested": "[2.1.11, )",
        "resolved": "2.1.11",
        "contentHash": "NFuxa/rD3Ah88jbFOgsoUjuWcLiBkj3iqgO2gJXola9NtjtCTRI3HMQtVjQDnrhCvdBOAJ4RqbwnqoEMLht8GQ==",
        "dependencies": {
          "SQLitePCLRaw.lib.e_sqlcipher.android": "2.1.11",
          "SQLitePCLRaw.provider.e_sqlcipher": "2.1.11"
        }
      }
    },
    "net10.0-android36.0/android-arm64": {
      "HarfBuzzSharp.NativeAssets.Android": {
        "type": "Transitive",
        "resolved": "8.3.1.1",
        "contentHash": "XyyWJdGDwhz065vt3jL/Yk5Vvq+7/sn72wpCLGNOxamt8Ha83W13xTbhddQ1e+PGKmgxfsLAs/3hwJ+azQa7GQ=="
      },
      "HarfBuzzSharp.NativeAssets.Linux": {
        "type": "Transitive",
        "resolved": "8.3.1.1",
        "contentHash": "3EZ1mpIiKWRLL5hUYA82ZHteeDIVaEA/Z0rA/wU6tjx6crcAkJnBPwDXZugBSfo8+J3EznvRJf49uMsqYfKrHg=="
      },
      "Tmds.LibC": {
        "type": "Transitive",
        "resolved": "0.2.0",
        "contentHash": "+RvLuNHOLW7cxzgDe9yHLoayBgjsuH2/gJtJnuVMxweKrxxYT6TwQNAmt06SFWpjwk68aRcwwD4FfMMA6tZvVA=="
      },
      "libsodium": {
        "type": "CentralTransitive",
        "requested": "[1.0.20.2, )",
        "resolved": "1.0.20.2",
        "contentHash": "FButtPK6HZvOewaE20F1HXNJn4qOoGAf7FEDm0VbWJ+xBX9pN9+2nkQQnfaLz+Ae5KuEzRoe1GHO00UpabgNxA=="
      },
      "SkiaSharp.NativeAssets.Android": {
        "type": "CentralTransitive",
        "requested": "[3.119.1, )",
        "resolved": "3.119.1",
        "contentHash": "b66ENYiCJEgbnwx9WoxTYMgoxL7LLQ8sfmlsTRr+ZLx1hyzATuHtiU2mcwf1jkrD7h4lN/jVysEoAzRFWDstPQ=="
      },
      "SkiaSharp.NativeAssets.Linux": {
        "type": "CentralTransitive",
        "requested": "[3.119.1, )",
        "resolved": "3.119.1",
        "contentHash": "9YNoc4SeKvQhrwiqwT4ezkNfMywPdPSK+UFvo/CaoXqLixcnYOTsQKm5BF9mc4+q3vKgDtEgMt0d1ygZhJTEHg=="
      }
    },
    "net10.0-android36.0/android-x64": {
      "HarfBuzzSharp.NativeAssets.Android": {
        "type": "Transitive",
        "resolved": "8.3.1.1",
        "contentHash": "XyyWJdGDwhz065vt3jL/Yk5Vvq+7/sn72wpCLGNOxamt8Ha83W13xTbhddQ1e+PGKmgxfsLAs/3hwJ+azQa7GQ=="
      },
      "HarfBuzzSharp.NativeAssets.Linux": {
        "type": "Transitive",
        "resolved": "8.3.1.1",
        "contentHash": "3EZ1mpIiKWRLL5hUYA82ZHteeDIVaEA/Z0rA/wU6tjx6crcAkJnBPwDXZugBSfo8+J3EznvRJf49uMsqYfKrHg=="
      },
      "Tmds.LibC": {
        "type": "Transitive",
        "resolved": "0.2.0",
        "contentHash": "+RvLuNHOLW7cxzgDe9yHLoayBgjsuH2/gJtJnuVMxweKrxxYT6TwQNAmt06SFWpjwk68aRcwwD4FfMMA6tZvVA=="
      },
      "libsodium": {
        "type": "CentralTransitive",
        "requested": "[1.0.20.2, )",
        "resolved": "1.0.20.2",
        "contentHash": "FButtPK6HZvOewaE20F1HXNJn4qOoGAf7FEDm0VbWJ+xBX9pN9+2nkQQnfaLz+Ae5KuEzRoe1GHO00UpabgNxA=="
      },
      "SkiaSharp.NativeAssets.Android": {
        "type": "CentralTransitive",
        "requested": "[3.119.1, )",
        "resolved": "3.119.1",
        "contentHash": "b66ENYiCJEgbnwx9WoxTYMgoxL7LLQ8sfmlsTRr+ZLx1hyzATuHtiU2mcwf1jkrD7h4lN/jVysEoAzRFWDstPQ=="
      },
      "SkiaSharp.NativeAssets.Linux": {
        "type": "CentralTransitive",
        "requested": "[3.119.1, )",
        "resolved": "3.119.1",
        "contentHash": "9YNoc4SeKvQhrwiqwT4ezkNfMywPdPSK+UFvo/CaoXqLixcnYOTsQKm5BF9mc4+q3vKgDtEgMt0d1ygZhJTEHg=="
      }
    }
  }
}